PODS:
  - Flutter (1.0.0)
  - flutter_image_view (0.0.1):
    - Flutter
    - SDWebImage
  - SDWebImage (5.10.4):
    - SDWebImage/Core (= 5.10.4)
  - SDWebImage/Core (5.10.4)

DEPENDENCIES:
  - Flutter (from `Flutter`)
  - flutter_image_view (from `.symlinks/plugins/flutter_image_view/ios`)

SPEC REPOS:
  trunk:
    - SDWebImage

EXTERNAL SOURCES:
  Flutter:
    :path: Flutter
  flutter_image_view:
    :path: ".symlinks/plugins/flutter_image_view/ios"

SPEC CHECKSUMS:
  Flutter: 434fef37c0980e73bb6479ef766c45957d4b510c
  flutter_image_view: 2c0613631c81549c6b1fac8478f96c6e2dd70796
  SDWebImage: c666b97e1fa9c64b4909816a903322018f0a9c84

PODFILE CHECKSUM: aafe91acc616949ddb318b77800a7f51bffa2a4c

COCOAPODS: 1.10.1
